
Microsoft Visual Studio Solution File, Format Version 12.00
# Visual Studio 14
VisualStudioVersion = 14.0.24720.0
MinimumVisualStudioVersion = 10.0.40219.1
Project("{FAE04EC0-301F-11D3-BF4B-00C04F79EFBC}") = "DesktopServer", "DesktopServer\DesktopServer.csproj", "{E0A064F3-296B-402D-98C5-3B5A0617D0FA}"
EndProject
Project("{FAE04EC0-301F-11D3-BF4B-00C04F79EFBC}") = "AspServer", "AspServer\AspServer.csproj", "{291B2352-55CF-4335-9D68-DBA53E0E8BBB}"
EndProject
Project("{FAE04EC0-301F-11D3-BF4B-00C04F79EFBC}") = "CefSharpServer", "CefSharpServer\CefSharpServer.csproj", "{353F6215-0C47-4C39-8CBE-D7DB8368F4E6}"
EndProject
Project("{FAE04EC0-301F-11D3-BF4B-00C04F79EFBC}") = "StartBoth", "StartBoth\StartBoth.csproj", "{1A4F5C66-61F2-4FF1-89C8-3E44E242275C}"
EndProject
Global
	GlobalSection(SolutionConfigurationPlatforms) = preSolution
		Debug|Any CPU = Debug|Any CPU
		Debug|x64 = Debug|x64
		Release|Any CPU = Release|Any CPU
		Release|x64 = Release|x64
	EndGlobalSection
	GlobalSection(ProjectConfigurationPlatforms) = postSolution
		{E0A064F3-296B-402D-98C5-3B5A0617D0FA}.Debug|Any CPU.ActiveCfg = Debug|Any CPU
		{E0A064F3-296B-402D-98C5-3B5A0617D0FA}.Debug|Any CPU.Build.0 = Debug|Any CPU
		{E0A064F3-296B-402D-98C5-3B5A0617D0FA}.Debug|x64.ActiveCfg = Debug|Any CPU
		{E0A064F3-296B-402D-98C5-3B5A0617D0FA}.Debug|x64.Build.0 = Debug|Any CPU
		{E0A064F3-296B-402D-98C5-3B5A0617D0FA}.Release|Any CPU.ActiveCfg = Release|Any CPU
		{E0A064F3-296B-402D-98C5-3B5A0617D0FA}.Release|Any CPU.Build.0 = Release|Any CPU
		{E0A064F3-296B-402D-98C5-3B5A0617D0FA}.Release|x64.ActiveCfg = Release|Any CPU
		{E0A064F3-296B-402D-98C5-3B5A0617D0FA}.Release|x64.Build.0 = Release|Any CPU
		{291B2352-55CF-4335-9D68-DBA53E0E8BBB}.Debug|Any CPU.ActiveCfg = Debug|Any CPU
		{291B2352-55CF-4335-9D68-DBA53E0E8BBB}.Debug|Any CPU.Build.0 = Debug|Any CPU
		{291B2352-55CF-4335-9D68-DBA53E0E8BBB}.Debug|x64.ActiveCfg = Debug|Any CPU
		{291B2352-55CF-4335-9D68-DBA53E0E8BBB}.Debug|x64.Build.0 = Debug|Any CPU
		{291B2352-55CF-4335-9D68-DBA53E0E8BBB}.Release|Any CPU.ActiveCfg = Release|Any CPU
		{291B2352-55CF-4335-9D68-DBA53E0E8BBB}.Release|Any CPU.Build.0 = Release|Any CPU
		{291B2352-55CF-4335-9D68-DBA53E0E8BBB}.Release|x64.ActiveCfg = Release|Any CPU
		{291B2352-55CF-4335-9D68-DBA53E0E8BBB}.Release|x64.Build.0 = Release|Any CPU
		{353F6215-0C47-4C39-8CBE-D7DB8368F4E6}.Debug|Any CPU.ActiveCfg = Debug|Any CPU
		{353F6215-0C47-4C39-8CBE-D7DB8368F4E6}.Debug|Any CPU.Build.0 = Debug|Any CPU
		{353F6215-0C47-4C39-8CBE-D7DB8368F4E6}.Debug|x64.ActiveCfg = Debug|x64
		{353F6215-0C47-4C39-8CBE-D7DB8368F4E6}.Debug|x64.Build.0 = Debug|x64
		{353F6215-0C47-4C39-8CBE-D7DB8368F4E6}.Release|Any CPU.ActiveCfg = Release|Any CPU
		{353F6215-0C47-4C39-8CBE-D7DB8368F4E6}.Release|Any CPU.Build.0 = Release|Any CPU
		{353F6215-0C47-4C39-8CBE-D7DB8368F4E6}.Release|x64.ActiveCfg = Release|x64
		{353F6215-0C47-4C39-8CBE-D7DB8368F4E6}.Release|x64.Build.0 = Release|x64
		{1A4F5C66-61F2-4FF1-89C8-3E44E242275C}.Debug|Any CPU.ActiveCfg = Debug|Any CPU
		{1A4F5C66-61F2-4FF1-89C8-3E44E242275C}.Debug|Any CPU.Build.0 = Debug|Any CPU
		{1A4F5C66-61F2-4FF1-89C8-3E44E242275C}.Debug|x64.ActiveCfg = Debug|Any CPU
		{1A4F5C66-61F2-4FF1-89C8-3E44E242275C}.Debug|x64.Build.0 = Debug|Any CPU
		{1A4F5C66-61F2-4FF1-89C8-3E44E242275C}.Release|Any CPU.ActiveCfg = Release|Any CPU
		{1A4F5C66-61F2-4FF1-89C8-3E44E242275C}.Release|Any CPU.Build.0 = Release|Any CPU
		{1A4F5C66-61F2-4FF1-89C8-3E44E242275C}.Release|x64.ActiveCfg = Release|Any CPU
		{1A4F5C66-61F2-4FF1-89C8-3E44E242275C}.Release|x64.Build.0 = Release|Any CPU
	EndGlobalSection
	GlobalSection(SolutionProperties) = preSolution
		HideSolutionNode = FALSE
	EndGlobalSection
EndGlobal
