
Microsoft Visual Studio Solution File, Format Version 12.00
# Visual Studio 2015
Project("{FAE04EC0-301F-11D3-BF4B-00C04F79EFBC}") = "VROS.CSharp", "VROS.CSharp.csproj", "{0317A245-09F7-6D52-9E4D-5DBE708A807B}"
EndProject
Project("{FAE04EC0-301F-11D3-BF4B-00C04F79EFBC}") = "VROS.CSharp.Editor", "VROS.CSharp.Editor.csproj", "{251F3798-F1C2-1AE0-252F-801124CF7065}"
EndProject
Global
	GlobalSection(SolutionConfigurationPlatforms) = preSolution
		Debug|Any CPU = Debug|Any CPU
		Release|Any CPU = Release|Any CPU
	EndGlobalSection
	GlobalSection(ProjectConfigurationPlatforms) = postSolution
		{0317A245-09F7-6D52-9E4D-5DBE708A807B}.Debug|Any CPU.ActiveCfg = Debug|Any CPU
		{0317A245-09F7-6D52-9E4D-5DBE708A807B}.Debug|Any CPU.Build.0 = Debug|Any CPU
		{0317A245-09F7-6D52-9E4D-5DBE708A807B}.Release|Any CPU.ActiveCfg = Release|Any CPU
		{0317A245-09F7-6D52-9E4D-5DBE708A807B}.Release|Any CPU.Build.0 = Release|Any CPU
		{251F3798-F1C2-1AE0-252F-801124CF7065}.Debug|Any CPU.ActiveCfg = Debug|Any CPU
		{251F3798-F1C2-1AE0-252F-801124CF7065}.Debug|Any CPU.Build.0 = Debug|Any CPU
		{251F3798-F1C2-1AE0-252F-801124CF7065}.Release|Any CPU.ActiveCfg = Release|Any CPU
		{251F3798-F1C2-1AE0-252F-801124CF7065}.Release|Any CPU.Build.0 = Release|Any CPU
	EndGlobalSection
	GlobalSection(SolutionProperties) = preSolution
		HideSolutionNode = FALSE
	EndGlobalSection
EndGlobal
